
Microsoft Visual Studio Solution File, Format Version 12.00
# Visual Studio Version 17
VisualStudioVersion = 17.14.36408.4 d17.14
MinimumVisualStudioVersion = 10.0.40219.1
Project("{888888A0-9F3D-457C-B088-3A5042F75D52}") = "EX03", "EX03.pyproj", "{8F49137F-3C21-4D7F-93EF-927BB513C5C2}"
EndProject
Global
	GlobalSection(SolutionConfigurationPlatforms) = preSolution
		Debug|Any CPU = Debug|Any CPU
		Release|Any CPU = Release|Any CPU
	EndGlobalSection
	GlobalSection(ProjectConfigurationPlatforms) = postSolution
		{8F49137F-3C21-4D7F-93EF-927BB513C5C2}.Debug|Any CPU.ActiveCfg = Debug|Any CPU
		{8F49137F-3C21-4D7F-93EF-927BB513C5C2}.Release|Any CPU.ActiveCfg = Release|Any CPU
	EndGlobalSection
	GlobalSection(SolutionProperties) = preSolution
		HideSolutionNode = FALSE
	EndGlobalSection
	GlobalSection(ExtensibilityGlobals) = postSolution
		SolutionGuid = {402CC8D0-A3A9-46E8-94DC-F007316BBF85}
	EndGlobalSection
EndGlobal
