
Microsoft Visual Studio Solution File, Format Version 12.00
# Visual Studio Version 17
VisualStudioVersion = 17.14.36408.4 d17.14
MinimumVisualStudioVersion = 10.0.40219.1
Project("{888888A0-9F3D-457C-B088-3A5042F75D52}") = "EX05", "EX05.pyproj", "{DD652AC1-77D1-4437-BD78-70CFC7ED6200}"
EndProject
Global
	GlobalSection(SolutionConfigurationPlatforms) = preSolution
		Debug|Any CPU = Debug|Any CPU
		Release|Any CPU = Release|Any CPU
	EndGlobalSection
	GlobalSection(ProjectConfigurationPlatforms) = postSolution
		{DD652AC1-77D1-4437-BD78-70CFC7ED6200}.Debug|Any CPU.ActiveCfg = Debug|Any CPU
		{DD652AC1-77D1-4437-BD78-70CFC7ED6200}.Release|Any CPU.ActiveCfg = Release|Any CPU
	EndGlobalSection
	GlobalSection(SolutionProperties) = preSolution
		HideSolutionNode = FALSE
	EndGlobalSection
	GlobalSection(ExtensibilityGlobals) = postSolution
		SolutionGuid = {C33C96BF-CB02-4796-B455-B081189CD793}
	EndGlobalSection
EndGlobal
